{
  "name": "@bit/dcompose.javascriv-types.javascriv-types",
  "version": "0.0.1",
  "lockfileVersion": 2,
  "requires": true,
  "packages": {
    "": {
      "name": "@bit/dcompose.javascriv-types.javascriv-types",
      "version": "0.0.1",
      "license": "SEE LICENSE IN LICENSE",
      "dependencies": {
        "@bit/dcompose.javascriv-types.editor-fonts": "file:../editor-fonts"
      },
      "devDependencies": {}
    },
    "../editor-fonts": {
      "version": "0.0.1",
      "license": "SEE LICENSE IN LICENSE",
      "devDependencies": {}
    },
    "node_modules/@bit/dcompose.javascriv-types.editor-fonts": {
      "resolved": "../editor-fonts",
      "link": true
    }
  },
  "dependencies": {
    "@bit/dcompose.javascriv-types.editor-fonts": {
      "version": "file:../editor-fonts"
    }
  }
}
