{
  "name": "src",
  "lockfileVersion": 2,
  "requires": true,
  "packages": {
    "": {
      "dependencies": {
        "@bit/dcompose.javascriv-types.editor-fonts": "file:./components/editor-fonts",
        "@bit/dcompose.javascriv-types.javascriv-types": "file:./components/javascriv-types"
      }
    },
    "components/editor-fonts": {
      "name": "@bit/dcompose.javascriv-types.editor-fonts",
      "version": "0.0.1",
      "license": "SEE LICENSE IN LICENSE",
      "devDependencies": {}
    },
    "components/javascriv-types": {
      "name": "@bit/dcompose.javascriv-types.javascriv-types",
      "version": "0.0.1",
      "license": "SEE LICENSE IN LICENSE",
      "dependencies": {
        "@bit/dcompose.javascriv-types.editor-fonts": "file:../editor-fonts"
      },
      "devDependencies": {}
    },
    "components/javascriv-types/node_modules/@bit/dcompose.javascriv-types.editor-fonts": {
      "resolved": "components/editor-fonts",
      "link": true
    },
    "node_modules/@bit/dcompose.javascriv-types.editor-fonts": {
      "resolved": "components/editor-fonts",
      "link": true
    },
    "node_modules/@bit/dcompose.javascriv-types.javascriv-types": {
      "resolved": "components/javascriv-types",
      "link": true
    }
  },
  "dependencies": {
    "@bit/dcompose.javascriv-types.editor-fonts": {
      "version": "file:components/editor-fonts"
    },
    "@bit/dcompose.javascriv-types.javascriv-types": {
      "version": "file:components/javascriv-types",
      "requires": {
        "@bit/dcompose.javascriv-types.editor-fonts": "file:../editor-fonts"
      },
      "dependencies": {
        "@bit/dcompose.javascriv-types.editor-fonts": {
          "version": "file:components/editor-fonts"
        }
      }
    }
  }
}
